{
  "requires": true,
  "lockfileVersion": 1,
  "dependencies": {
    "react-native-fbsdk": {
      "version": "1.1.2",
      "resolved": "https://registry.npmjs.org/react-native-fbsdk/-/react-native-fbsdk-1.1.2.tgz",
      "integrity": "sha512-Sp+oja868QVsB5vpEFbwZkEcCJOSBuZgh7UGJzUhaoTCs/zwSUHA6b4QichM7GiTxtQyKfT/F31DtvLj2N/qAQ=="
    },
    "react-native-razorpay": {
      "version": "2.1.32",
      "resolved": "https://registry.npmjs.org/react-native-razorpay/-/react-native-razorpay-2.1.32.tgz",
      "integrity": "sha512-ib289CuvGulPT0uZk5gw0USnKtFSkAD4WdEpKTjF1CQ4BrxLmX6N59VAkOoY2vDzsJkxiX17t/+AcBKe4S0C1Q=="
    }
  }
}
